# This file is automatically @generated by Poetry 2.2.1 and should not be changed by hand.

[[package]]
name = "jaclang"
version = "0.8.9"
description = "Jac is a unique and powerful programming language that runs on top of Python, offering an unprecedented level of intelligence and intuitive understanding."
optional = false
python-versions = "<4.0.0,>=3.11.0"
groups = ["main"]
files = [
    {file = "jaclang-0.8.9-py3-none-any.whl", hash = "sha256:ea16aec02a7ab562a29c76b2dda48747aaaab56ace65217484bb1c5a7326006e"},
    {file = "jaclang-0.8.9.tar.gz", hash = "sha256:0f9f7cfef6897326626ab5de4b54f55eaa17015bfa25e554bf81ca549af21cd5"},
]

[metadata]
lock-version = "2.1"
python-versions = ">=3.12,<4.0.0"
content-hash = "1082aeba9bc6c050d36f6bc11cbf561cd827b16628c60b8a92db00922baefc1f"
